// !$*UTF8*$!
{
	archiveVersion = 1;
	classes = {
	};
	objectVersion = 46;
	objects = {

/* Begin PBXBuildFile section */
		CE4231511E2868450097F178 /* FeedViewController.swift in Sources */ = {isa = PBXBuildFile; fileRef = CE4231501E2868440097F178 /* FeedViewController.swift */; };
		CE4231531E31CD180097F178 /* AdvancedImageView.swift in Sources */ = {isa = PBXBuildFile; fileRef = CE4231521E31CD180097F178 /* AdvancedImageView.swift */; };
		CE4231551E3712130097F178 /* PostCell.swift in Sources */ = {isa = PBXBuildFile; fileRef = CE4231541E3712130097F178 /* PostCell.swift */; };
		CE4231581E40194F0097F178 /* DataService.swift in Sources */ = {isa = PBXBuildFile; fileRef = CE4231571E40194E0097F178 /* DataService.swift */; };
		CED46E681E1C9519007315E3 /* AppDelegate.swift in Sources */ = {isa = PBXBuildFile; fileRef = CED46E671E1C9519007315E3 /* AppDelegate.swift */; };
		CED46E6A1E1C9519007315E3 /* ViewController.swift in Sources */ = {isa = PBXBuildFile; fileRef = CED46E691E1C9519007315E3 /* ViewController.swift */; };
		CED46E6D1E1C9519007315E3 /* Main.storyboard in Resources */ = {isa = PBXBuildFile; fileRef = CED46E6B1E1C9519007315E3 /* Main.storyboard */; };
		CED46E701E1C951A007315E3 /* devlopes_social.xcdatamodeld in Sources */ = {isa = PBXBuildFile; fileRef = CED46E6E1E1C951A007315E3 /* devlopes_social.xcdatamodeld */; };
		CED46E721E1C951A007315E3 /* Assets.xcassets in Resources */ = {isa = PBXBuildFile; fileRef = CED46E711E1C951A007315E3 /* Assets.xcassets */; };
		CED46E751E1C951A007315E3 /* LaunchScreen.storyboard in Resources */ = {isa = PBXBuildFile; fileRef = CED46E731E1C951A007315E3 /* LaunchScreen.storyboard */; };
		CED46E7D1E1C9639007315E3 /* GoogleService-Info.plist in Resources */ = {isa = PBXBuildFile; fileRef = CED46E7C1E1C9639007315E3 /* GoogleService-Info.plist */; };
		CED46E821E22B241007315E3 /* AdvancedView.swift in Sources */ = {isa = PBXBuildFile; fileRef = CED46E811E22B241007315E3 /* AdvancedView.swift */; };
		CED46E851E22B2BD007315E3 /* Constants.swift in Sources */ = {isa = PBXBuildFile; fileRef = CED46E841E22B2BD007315E3 /* Constants.swift */; };
		CED46E871E22B430007315E3 /* RoundButton.swift in Sources */ = {isa = PBXBuildFile; fileRef = CED46E861E22B430007315E3 /* RoundButton.swift */; };
		CED46E891E22B5E7007315E3 /* AdvancedField.swift in Sources */ = {isa = PBXBuildFile; fileRef = CED46E881E22B5E7007315E3 /* AdvancedField.swift */; };
		CED46E8B1E22BB70007315E3 /* AdvancedButton.swift in Sources */ = {isa = PBXBuildFile; fileRef = CED46E8A1E22BB70007315E3 /* AdvancedButton.swift */; };
		E136AD80A5EBD2F37787FA6F /* Pods_devlopes_social.framework in Frameworks */ = {isa = PBXBuildFile; fileRef = F8767BB3053686342A90E48B /* Pods_devlopes_social.framework */; };
/* End PBXBuildFile section */

/* Begin PBXFileReference section */
		1A6DF3DE5B3B85460C266091 /* Pods-devlopes-social.release.xcconfig */ = {isa = PBXFileReference; includeInIndex = 1; lastKnownFileType = text.xcconfig; name = "Pods-devlopes-social.release.xcconfig"; path = "Pods/Target Support Files/Pods-devlopes-social/Pods-devlopes-social.release.xcconfig"; sourceTree = "<group>"; };
		C0F555731C4055AF81BAA4C8 /* Pods-devlopes-social.debug.xcconfig */ = {isa = PBXFileReference; includeInIndex = 1; lastKnownFileType = text.xcconfig; name = "Pods-devlopes-social.debug.xcconfig"; path = "Pods/Target Support Files/Pods-devlopes-social/Pods-devlopes-social.debug.xcconfig"; sourceTree = "<group>"; };
		CE4231501E2868440097F178 /* FeedViewController.swift */ = {isa = PBXFileReference; fileEncoding = 4; lastKnownFileType = sourcecode.swift; path = FeedViewController.swift; sourceTree = "<group>"; };
		CE4231521E31CD180097F178 /* AdvancedImageView.swift */ = {isa = PBXFileReference; fileEncoding = 4; lastKnownFileType = sourcecode.swift; path = AdvancedImageView.swift; sourceTree = "<group>"; };
		CE4231541E3712130097F178 /* PostCell.swift */ = {isa = PBXFileReference; fileEncoding = 4; lastKnownFileType = sourcecode.swift; path = PostCell.swift; sourceTree = "<group>"; };
		CE4231571E40194E0097F178 /* DataService.swift */ = {isa = PBXFileReference; fileEncoding = 4; lastKnownFileType = sourcecode.swift; path = DataService.swift; sourceTree = "<group>"; };
		CED46E641E1C9519007315E3 /* devlopes-social.app */ = {isa = PBXFileReference; explicitFileType = wrapper.application; includeInIndex = 0; path = "devlopes-social.app"; sourceTree = BUILT_PRODUCTS_DIR; };
		CED46E671E1C9519007315E3 /* AppDelegate.swift */ = {isa = PBXFileReference; lastKnownFileType = sourcecode.swift; path = AppDelegate.swift; sourceTree = "<group>"; };
		CED46E691E1C9519007315E3 /* ViewController.swift */ = {isa = PBXFileReference; lastKnownFileType = sourcecode.swift; path = ViewController.swift; sourceTree = "<group>"; };
		CED46E6C1E1C9519007315E3 /* Base */ = {isa = PBXFileReference; lastKnownFileType = file.storyboard; name = Base; path = Base.lproj/Main.storyboard; sourceTree = "<group>"; };
		CED46E6F1E1C951A007315E3 /* devlopes_social.xcdatamodel */ = {isa = PBXFileReference; lastKnownFileType = wrapper.xcdatamodel; path = devlopes_social.xcdatamodel; sourceTree = "<group>"; };
		CED46E711E1C951A007315E3 /* Assets.xcassets */ = {isa = PBXFileReference; lastKnownFileType = folder.assetcatalog; path = Assets.xcassets; sourceTree = "<group>"; };
		CED46E741E1C951A007315E3 /* Base */ = {isa = PBXFileReference; lastKnownFileType = file.storyboard; name = Base; path = Base.lproj/LaunchScreen.storyboard; sourceTree = "<group>"; };
		CED46E761E1C951A007315E3 /* Info.plist */ = {isa = PBXFileReference; lastKnownFileType = text.plist.xml; path = Info.plist; sourceTree = "<group>"; };
		CED46E7C1E1C9639007315E3 /* GoogleService-Info.plist */ = {isa = PBXFileReference; fileEncoding = 4; lastKnownFileType = text.plist.xml; path = "GoogleService-Info.plist"; sourceTree = "<group>"; };
		CED46E811E22B241007315E3 /* AdvancedView.swift */ = {isa = PBXFileReference; fileEncoding = 4; lastKnownFileType = sourcecode.swift; path = AdvancedView.swift; sourceTree = "<group>"; };
		CED46E841E22B2BD007315E3 /* Constants.swift */ = {isa = PBXFileReference; fileEncoding = 4; lastKnownFileType = sourcecode.swift; path = Constants.swift; sourceTree = "<group>"; };
		CED46E861E22B430007315E3 /* RoundButton.swift */ = {isa = PBXFileReference; fileEncoding = 4; lastKnownFileType = sourcecode.swift; path = RoundButton.swift; sourceTree = "<group>"; };
		CED46E881E22B5E7007315E3 /* AdvancedField.swift */ = {isa = PBXFileReference; fileEncoding = 4; lastKnownFileType = sourcecode.swift; path = AdvancedField.swift; sourceTree = "<group>"; };
		CED46E8A1E22BB70007315E3 /* AdvancedButton.swift */ = {isa = PBXFileReference; fileEncoding = 4; lastKnownFileType = sourcecode.swift; path = AdvancedButton.swift; sourceTree = "<group>"; };
		CED46E8C1E2745D2007315E3 /* devlopes-social.entitlements */ = {isa = PBXFileReference; lastKnownFileType = text.plist.entitlements; path = "devlopes-social.entitlements"; sourceTree = "<group>"; };
		F8767BB3053686342A90E48B /* Pods_devlopes_social.framework */ = {isa = PBXFileReference; explicitFileType = wrapper.framework; includeInIndex = 0; path = Pods_devlopes_social.framework; sourceTree = BUILT_PRODUCTS_DIR; };
/* End PBXFileReference section */

/* Begin PBXFrameworksBuildPhase section */
		CED46E611E1C9519007315E3 /* Frameworks */ = {
			isa = PBXFrameworksBuildPhase;
			buildActionMask = 2147483647;
			files = (
				E136AD80A5EBD2F37787FA6F /* Pods_devlopes_social.framework in Frameworks */,
			);
			runOnlyForDeploymentPostprocessing = 0;
		};
/* End PBXFrameworksBuildPhase section */

/* Begin PBXGroup section */
		1564CDD85B9239BADAAC8F31 /* Frameworks */ = {
			isa = PBXGroup;
			children = (
				F8767BB3053686342A90E48B /* Pods_devlopes_social.framework */,
			);
			name = Frameworks;
			sourceTree = "<group>";
		};
		A61FBA41CCAF7C3959E92974 /* Pods */ = {
			isa = PBXGroup;
			children = (
				C0F555731C4055AF81BAA4C8 /* Pods-devlopes-social.debug.xcconfig */,
				1A6DF3DE5B3B85460C266091 /* Pods-devlopes-social.release.xcconfig */,
			);
			name = Pods;
			sourceTree = "<group>";
		};
		CE4231561E40191A0097F178 /* Services */ = {
			isa = PBXGroup;
			children = (
				CE4231571E40194E0097F178 /* DataService.swift */,
			);
			name = Services;
			sourceTree = "<group>";
		};
		CED46E5B1E1C9519007315E3 = {
			isa = PBXGroup;
			children = (
				CE4231561E40191A0097F178 /* Services */,
				CED46E661E1C9519007315E3 /* devlopes-social */,
				CED46E651E1C9519007315E3 /* Products */,
				A61FBA41CCAF7C3959E92974 /* Pods */,
				1564CDD85B9239BADAAC8F31 /* Frameworks */,
			);
			sourceTree = "<group>";
		};
		CED46E651E1C9519007315E3 /* Products */ = {
			isa = PBXGroup;
			children = (
				CED46E641E1C9519007315E3 /* devlopes-social.app */,
			);
			name = Products;
			sourceTree = "<group>";
		};
		CED46E661E1C9519007315E3 /* devlopes-social */ = {
			isa = PBXGroup;
			children = (
				CED46E8C1E2745D2007315E3 /* devlopes-social.entitlements */,
				CED46E831E22B2AA007315E3 /* Util */,
				CED46E801E2168A3007315E3 /* Controller */,
				CED46E7F1E21689D007315E3 /* View */,
				CED46E7E1E216896007315E3 /* Model */,
				CED46E711E1C951A007315E3 /* Assets.xcassets */,
				CED46E731E1C951A007315E3 /* LaunchScreen.storyboard */,
				CED46E761E1C951A007315E3 /* Info.plist */,
				CED46E7C1E1C9639007315E3 /* GoogleService-Info.plist */,
				CED46E6E1E1C951A007315E3 /* devlopes_social.xcdatamodeld */,
			);
			path = "devlopes-social";
			sourceTree = "<group>";
		};
		CED46E7E1E216896007315E3 /* Model */ = {
			isa = PBXGroup;
			children = (
				CED46E671E1C9519007315E3 /* AppDelegate.swift */,
			);
			name = Model;
			sourceTree = "<group>";
		};
		CED46E7F1E21689D007315E3 /* View */ = {
			isa = PBXGroup;
			children = (
				CED46E6B1E1C9519007315E3 /* Main.storyboard */,
				CE4231541E3712130097F178 /* PostCell.swift */,
				CED46E811E22B241007315E3 /* AdvancedView.swift */,
				CED46E861E22B430007315E3 /* RoundButton.swift */,
				CED46E881E22B5E7007315E3 /* AdvancedField.swift */,
				CED46E8A1E22BB70007315E3 /* AdvancedButton.swift */,
				CE4231521E31CD180097F178 /* AdvancedImageView.swift */,
			);
			name = View;
			sourceTree = "<group>";
		};
		CED46E801E2168A3007315E3 /* Controller */ = {
			isa = PBXGroup;
			children = (
				CED46E691E1C9519007315E3 /* ViewController.swift */,
				CE4231501E2868440097F178 /* FeedViewController.swift */,
			);
			name = Controller;
			sourceTree = "<group>";
		};
		CED46E831E22B2AA007315E3 /* Util */ = {
			isa = PBXGroup;
			children = (
				CED46E841E22B2BD007315E3 /* Constants.swift */,
			);
			name = Util;
			sourceTree = "<group>";
		};
/* End PBXGroup section */

/* Begin PBXNativeTarget section */
		CED46E631E1C9519007315E3 /* devlopes-social */ = {
			isa = PBXNativeTarget;
			buildConfigurationList = CED46E791E1C951A007315E3 /* Build configuration list for PBXNativeTarget "devlopes-social" */;
			buildPhases = (
				88879E1E95646F5E133F7DCF /* [CP] Check Pods Manifest.lock */,
				CED46E601E1C9519007315E3 /* Sources */,
				CED46E611E1C9519007315E3 /* Frameworks */,
				CED46E621E1C9519007315E3 /* Resources */,
				7AB6C08C8FFE87B6C2777F18 /* [CP] Embed Pods Frameworks */,
				DB24E66D70583616B1DEEFE6 /* [CP] Copy Pods Resources */,
			);
			buildRules = (
			);
			dependencies = (
			);
			name = "devlopes-social";
			productName = "devlopes-social";
			productReference = CED46E641E1C9519007315E3 /* devlopes-social.app */;
			productType = "com.apple.product-type.application";
		};
/* End PBXNativeTarget section */

/* Begin PBXProject section */
		CED46E5C1E1C9519007315E3 /* Project object */ = {
			isa = PBXProject;
			attributes = {
				LastSwiftUpdateCheck = 0800;
				LastUpgradeCheck = 0800;
				ORGANIZATIONNAME = "Carter Apps";
				TargetAttributes = {
					CED46E631E1C9519007315E3 = {
						CreatedOnToolsVersion = 8.0;
						DevelopmentTeam = CL8PC4W4YP;
						ProvisioningStyle = Automatic;
						SystemCapabilities = {
							com.apple.HomeKit = {
								enabled = 0;
							};
							com.apple.Keychain = {
								enabled = 1;
							};
						};
					};
				};
			};
			buildConfigurationList = CED46E5F1E1C9519007315E3 /* Build configuration list for PBXProject "devlopes-social" */;
			compatibilityVersion = "Xcode 3.2";
			developmentRegion = English;
			hasScannedForEncodings = 0;
			knownRegions = (
				en,
				Base,
			);
			mainGroup = CED46E5B1E1C9519007315E3;
			productRefGroup = CED46E651E1C9519007315E3 /* Products */;
			projectDirPath = "";
			projectRoot = "";
			targets = (
				CED46E631E1C9519007315E3 /* devlopes-social */,
			);
		};
/* End PBXProject section */

/* Begin PBXResourcesBuildPhase section */
		CED46E621E1C9519007315E3 /* Resources */ = {
			isa = PBXResourcesBuildPhase;
			buildActionMask = 2147483647;
			files = (
				CED46E751E1C951A007315E3 /* LaunchScreen.storyboard in Resources */,
				CED46E721E1C951A007315E3 /* Assets.xcassets in Resources */,
				CED46E6D1E1C9519007315E3 /* Main.storyboard in Resources */,
				CED46E7D1E1C9639007315E3 /* GoogleService-Info.plist in Resources */,
			);
			runOnlyForDeploymentPostprocessing = 0;
		};
/* End PBXResourcesBuildPhase section */

/* Begin PBXShellScriptBuildPhase section */
		7AB6C08C8FFE87B6C2777F18 /* [CP] Embed Pods Frameworks */ = {
			isa = PBXShellScriptBuildPhase;
			buildActionMask = 2147483647;
			files = (
			);
			inputPaths = (
			);
			name = "[CP] Embed Pods Frameworks";
			outputPaths = (
			);
			runOnlyForDeploymentPostprocessing = 0;
			shellPath = /bin/sh;
			shellScript = "\"${SRCROOT}/Pods/Target Support Files/Pods-devlopes-social/Pods-devlopes-social-frameworks.sh\"\n";
			showEnvVarsInLog = 0;
		};
		88879E1E95646F5E133F7DCF /* [CP] Check Pods Manifest.lock */ = {
			isa = PBXShellScriptBuildPhase;
			buildActionMask = 2147483647;
			files = (
			);
			inputPaths = (
			);
			name = "[CP] Check Pods Manifest.lock";
			outputPaths = (
			);
			runOnlyForDeploymentPostprocessing = 0;
			shellPath = /bin/sh;
			shellScript = "diff \"${PODS_ROOT}/../Podfile.lock\" \"${PODS_ROOT}/Manifest.lock\" > /dev/null\nif [ $? != 0 ] ; then\n    # print error to STDERR\n    echo \"error: The sandbox is not in sync with the Podfile.lock. Run 'pod install' or update your CocoaPods installation.\" >&2\n    exit 1\nfi\n";
			showEnvVarsInLog = 0;
		};
		DB24E66D70583616B1DEEFE6 /* [CP] Copy Pods Resources */ = {
			isa = PBXShellScriptBuildPhase;
			buildActionMask = 2147483647;
			files = (
			);
			inputPaths = (
			);
			name = "[CP] Copy Pods Resources";
			outputPaths = (
			);
			runOnlyForDeploymentPostprocessing = 0;
			shellPath = /bin/sh;
			shellScript = "\"${SRCROOT}/Pods/Target Support Files/Pods-devlopes-social/Pods-devlopes-social-resources.sh\"\n";
			showEnvVarsInLog = 0;
		};
/* End PBXShellScriptBuildPhase section */

/* Begin PBXSourcesBuildPhase section */
		CED46E601E1C9519007315E3 /* Sources */ = {
			isa = PBXSourcesBuildPhase;
			buildActionMask = 2147483647;
			files = (
				CED46E871E22B430007315E3 /* RoundButton.swift in Sources */,
				CE4231511E2868450097F178 /* FeedViewController.swift in Sources */,
				CED46E8B1E22BB70007315E3 /* AdvancedButton.swift in Sources */,
				CE4231581E40194F0097F178 /* DataService.swift in Sources */,
				CED46E851E22B2BD007315E3 /* Constants.swift in Sources */,
				CED46E6A1E1C9519007315E3 /* ViewController.swift in Sources */,
				CED46E701E1C951A007315E3 /* devlopes_social.xcdatamodeld in Sources */,
				CED46E821E22B241007315E3 /* AdvancedView.swift in Sources */,
				CED46E891E22B5E7007315E3 /* AdvancedField.swift in Sources */,
				CE4231551E3712130097F178 /* PostCell.swift in Sources */,
				CE4231531E31CD180097F178 /* AdvancedImageView.swift in Sources */,
				CED46E681E1C9519007315E3 /* AppDelegate.swift in Sources */,
			);
			runOnlyForDeploymentPostprocessing = 0;
		};
/* End PBXSourcesBuildPhase section */

/* Begin PBXVariantGroup section */
		CED46E6B1E1C9519007315E3 /* Main.storyboard */ = {
			isa = PBXVariantGroup;
			children = (
				CED46E6C1E1C9519007315E3 /* Base */,
			);
			name = Main.storyboard;
			sourceTree = "<group>";
		};
		CED46E731E1C951A007315E3 /* LaunchScreen.storyboard */ = {
			isa = PBXVariantGroup;
			children = (
				CED46E741E1C951A007315E3 /* Base */,
			);
			name = LaunchScreen.storyboard;
			sourceTree = "<group>";
		};
/* End PBXVariantGroup section */

/* Begin XCBuildConfiguration section */
		CED46E771E1C951A007315E3 /* Debug */ = {
			isa = XCBuildConfiguration;
			buildSettings = {
				ALWAYS_SEARCH_USER_PATHS = NO;
				CLANG_ANALYZER_NONNULL = YES;
				CLANG_CXX_LANGUAGE_STANDARD = "gnu++0x";
				CLANG_CXX_LIBRARY = "libc++";
				CLANG_ENABLE_MODULES = YES;
				CLANG_ENABLE_OBJC_ARC = YES;
				CLANG_WARN_BOOL_CONVERSION = YES;
				CLANG_WARN_CONSTANT_CONVERSION = YES;
				CLANG_WARN_DIRECT_OBJC_ISA_USAGE = YES_ERROR;
				CLANG_WARN_DOCUMENTATION_COMMENTS = YES;
				CLANG_WARN_EMPTY_BODY = YES;
				CLANG_WARN_ENUM_CONVERSION = YES;
				CLANG_WARN_INFINITE_RECURSION = YES;
				CLANG_WARN_INT_CONVERSION = YES;
				CLANG_WARN_OBJC_ROOT_CLASS = YES_ERROR;
				CLANG_WARN_SUSPICIOUS_MOVES = YES;
				CLANG_WARN_UNREACHABLE_CODE = YES;
				CLANG_WARN__DUPLICATE_METHOD_MATCH = YES;
				"CODE_SIGN_IDENTITY[sdk=iphoneos*]" = "iPhone Developer";
				COPY_PHASE_STRIP = NO;
				DEBUG_INFORMATION_FORMAT = dwarf;
				ENABLE_STRICT_OBJC_MSGSEND = YES;
				ENABLE_TESTABILITY = YES;
				GCC_C_LANGUAGE_STANDARD = gnu99;
				GCC_DYNAMIC_NO_PIC = NO;
				GCC_NO_COMMON_BLOCKS = YES;
				GCC_OPTIMIZATION_LEVEL = 0;
				GCC_PREPROCESSOR_DEFINITIONS = (
					"DEBUG=1",
					"$(inherited)",
				);
				GCC_WARN_64_TO_32_BIT_CONVERSION = YES;
				GCC_WARN_ABOUT_RETURN_TYPE = YES_ERROR;
				GCC_WARN_UNDECLARED_SELECTOR = YES;
				GCC_WARN_UNINITIALIZED_AUTOS = YES_AGGRESSIVE;
				GCC_WARN_UNUSED_FUNCTION = YES;
				GCC_WARN_UNUSED_VARIABLE = YES;
				IPHONEOS_DEPLOYMENT_TARGET = 10.0;
				MTL_ENABLE_DEBUG_INFO = YES;
				ONLY_ACTIVE_ARCH = YES;
				SDKROOT = iphoneos;
				SWIFT_ACTIVE_COMPILATION_CONDITIONS = DEBUG;
				SWIFT_OPTIMIZATION_LEVEL = "-Onone";
			};
			name = Debug;
		};
		CED46E781E1C951A007315E3 /* Release */ = {
			isa = XCBuildConfiguration;
			buildSettings = {
				ALWAYS_SEARCH_USER_PATHS = NO;
				CLANG_ANALYZER_NONNULL = YES;
				CLANG_CXX_LANGUAGE_STANDARD = "gnu++0x";
				CLANG_CXX_LIBRARY = "libc++";
				CLANG_ENABLE_MODULES = YES;
				CLANG_ENABLE_OBJC_ARC = YES;
				CLANG_WARN_BOOL_CONVERSION = YES;
				CLANG_WARN_CONSTANT_CONVERSION = YES;
				CLANG_WARN_DIRECT_OBJC_ISA_USAGE = YES_ERROR;
				CLANG_WARN_DOCUMENTATION_COMMENTS = YES;
				CLANG_WARN_EMPTY_BODY = YES;
				CLANG_WARN_ENUM_CONVERSION = YES;
				CLANG_WARN_INFINITE_RECURSION = YES;
				CLANG_WARN_INT_CONVERSION = YES;
				CLANG_WARN_OBJC_ROOT_CLASS = YES_ERROR;
				CLANG_WARN_SUSPICIOUS_MOVES = YES;
				CLANG_WARN_UNREACHABLE_CODE = YES;
				CLANG_WARN__DUPLICATE_METHOD_MATCH = YES;
				"CODE_SIGN_IDENTITY[sdk=iphoneos*]" = "iPhone Developer";
				COPY_PHASE_STRIP = NO;
				DEBUG_INFORMATION_FORMAT = "dwarf-with-dsym";
				ENABLE_NS_ASSERTIONS = NO;
				ENABLE_STRICT_OBJC_MSGSEND = YES;
				GCC_C_LANGUAGE_STANDARD = gnu99;
				GCC_NO_COMMON_BLOCKS = YES;
				GCC_WARN_64_TO_32_BIT_CONVERSION = YES;
				GCC_WARN_ABOUT_RETURN_TYPE = YES_ERROR;
				GCC_WARN_UNDECLARED_SELECTOR = YES;
				GCC_WARN_UNINITIALIZED_AUTOS = YES_AGGRESSIVE;
				GCC_WARN_UNUSED_FUNCTION = YES;
				GCC_WARN_UNUSED_VARIABLE = YES;
				IPHONEOS_DEPLOYMENT_TARGET = 10.0;
				MTL_ENABLE_DEBUG_INFO = NO;
				SDKROOT = iphoneos;
				SWIFT_OPTIMIZATION_LEVEL = "-Owholemodule";
				VALIDATE_PRODUCT = YES;
			};
			name = Release;
		};
		CED46E7A1E1C951A007315E3 /* Debug */ = {
			isa = XCBuildConfiguration;
			baseConfigurationReference = C0F555731C4055AF81BAA4C8 /* Pods-devlopes-social.debug.xcconfig */;
			buildSettings = {
				ASSETCATALOG_COMPILER_APPICON_NAME = AppIcon;
				CODE_SIGN_ENTITLEMENTS = "devlopes-social/devlopes-social.entitlements";
				DEVELOPMENT_TEAM = CL8PC4W4YP;
				INFOPLIST_FILE = "devlopes-social/Info.plist";
				LD_RUNPATH_SEARCH_PATHS = "$(inherited) @executable_path/Frameworks";
				PRODUCT_BUNDLE_IDENTIFIER = "Carter.devlopes-social";
				PRODUCT_NAME = "$(TARGET_NAME)";
				SWIFT_VERSION = 3.0;
			};
			name = Debug;
		};
		CED46E7B1E1C951A007315E3 /* Release */ = {
			isa = XCBuildConfiguration;
			baseConfigurationReference = 1A6DF3DE5B3B85460C266091 /* Pods-devlopes-social.release.xcconfig */;
			buildSettings = {
				ASSETCATALOG_COMPILER_APPICON_NAME = AppIcon;
				CODE_SIGN_ENTITLEMENTS = "devlopes-social/devlopes-social.entitlements";
				DEVELOPMENT_TEAM = CL8PC4W4YP;
				INFOPLIST_FILE = "devlopes-social/Info.plist";
				LD_RUNPATH_SEARCH_PATHS = "$(inherited) @executable_path/Frameworks";
				PRODUCT_BUNDLE_IDENTIFIER = "Carter.devlopes-social";
				PRODUCT_NAME = "$(TARGET_NAME)";
				SWIFT_VERSION = 3.0;
			};
			name = Release;
		};
/* End XCBuildConfiguration section */

/* Begin XCConfigurationList section */
		CED46E5F1E1C9519007315E3 /* Build configuration list for PBXProject "devlopes-social" */ = {
			isa = XCConfigurationList;
			buildConfigurations = (
				CED46E771E1C951A007315E3 /* Debug */,
				CED46E781E1C951A007315E3 /* Release */,
			);
			defaultConfigurationIsVisible = 0;
			defaultConfigurationName = Release;
		};
		CED46E791E1C951A007315E3 /* Build configuration list for PBXNativeTarget "devlopes-social" */ = {
			isa = XCConfigurationList;
			buildConfigurations = (
				CED46E7A1E1C951A007315E3 /* Debug */,
				CED46E7B1E1C951A007315E3 /* Release */,
			);
			defaultConfigurationIsVisible = 0;
			defaultConfigurationName = Release;
		};
/* End XCConfigurationList section */

/* Begin XCVersionGroup section */
		CED46E6E1E1C951A007315E3 /* devlopes_social.xcdatamodeld */ = {
			isa = XCVersionGroup;
			children = (
				CED46E6F1E1C951A007315E3 /* devlopes_social.xcdatamodel */,
			);
			currentVersion = CED46E6F1E1C951A007315E3 /* devlopes_social.xcdatamodel */;
			path = devlopes_social.xcdatamodeld;
			sourceTree = "<group>";
			versionGroupType = wrapper.xcdatamodel;
		};
/* End XCVersionGroup section */
	};
	rootObject = CED46E5C1E1C9519007315E3 /* Project object */;
}
